// !$*UTF8*$!
{
	archiveVersion = 1;
	classes = {
	};
	objectVersion = 46;
	objects = {

/* Begin PBXBuildFile section */
		7A13D0F71E25843600DF0BF0 /* PokeCell.swift in Sources */ = {isa = PBXBuildFile; fileRef = 7A13D0F61E25843600DF0BF0 /* PokeCell.swift */; };
		7A88A7A71E25790800FD23B0 /* AppDelegate.swift in Sources */ = {isa = PBXBuildFile; fileRef = 7A88A7A61E25790800FD23B0 /* AppDelegate.swift */; };
		7A88A7A91E25790800FD23B0 /* ViewController.swift in Sources */ = {isa = PBXBuildFile; fileRef = 7A88A7A81E25790800FD23B0 /* ViewController.swift */; };
		7A88A7AC1E25790800FD23B0 /* Main.storyboard in Resources */ = {isa = PBXBuildFile; fileRef = 7A88A7AA1E25790800FD23B0 /* Main.storyboard */; };
		7A88A7AE1E25790800FD23B0 /* Assets.xcassets in Resources */ = {isa = PBXBuildFile; fileRef = 7A88A7AD1E25790800FD23B0 /* Assets.xcassets */; };
		7A88A7B11E25790800FD23B0 /* LaunchScreen.storyboard in Resources */ = {isa = PBXBuildFile; fileRef = 7A88A7AF1E25790800FD23B0 /* LaunchScreen.storyboard */; };
		7A88A7B91E257D0C00FD23B0 /* pokemon.csv in Resources */ = {isa = PBXBuildFile; fileRef = 7A88A7B81E257D0C00FD23B0 /* pokemon.csv */; };
		7A88A7BC1E257EA700FD23B0 /* Pokemon.swift in Sources */ = {isa = PBXBuildFile; fileRef = 7A88A7BB1E257EA700FD23B0 /* Pokemon.swift */; };
		7A8C33991E25E86300793833 /* csv.swift in Sources */ = {isa = PBXBuildFile; fileRef = 7A8C33981E25E86300793833 /* csv.swift */; };
		7A8C339B1E25ED3600793833 /* pokemon.ttf in Resources */ = {isa = PBXBuildFile; fileRef = 7A8C339A1E25ED3600793833 /* pokemon.ttf */; };
		7A8C33A01E25F07500793833 /* music.mp3 in Resources */ = {isa = PBXBuildFile; fileRef = 7A8C339F1E25F07500793833 /* music.mp3 */; };
		7A8C33A21E25FA3F00793833 /* PokemonDetailVC.swift in Sources */ = {isa = PBXBuildFile; fileRef = 7A8C33A11E25FA3F00793833 /* PokemonDetailVC.swift */; };
		7A8C33A41E26001600793833 /* Ketchum.otf in Resources */ = {isa = PBXBuildFile; fileRef = 7A8C33A31E26001600793833 /* Ketchum.otf */; };
/* End PBXBuildFile section */

/* Begin PBXFileReference section */
		7A13D0F61E25843600DF0BF0 /* PokeCell.swift */ = {isa = PBXFileReference; fileEncoding = 4; lastKnownFileType = sourcecode.swift; path = PokeCell.swift; sourceTree = "<group>"; };
		7A88A7A31E25790800FD23B0 /* pokedex.app */ = {isa = PBXFileReference; explicitFileType = wrapper.application; includeInIndex = 0; path = pokedex.app; sourceTree = BUILT_PRODUCTS_DIR; };
		7A88A7A61E25790800FD23B0 /* AppDelegate.swift */ = {isa = PBXFileReference; lastKnownFileType = sourcecode.swift; path = AppDelegate.swift; sourceTree = "<group>"; };
		7A88A7A81E25790800FD23B0 /* ViewController.swift */ = {isa = PBXFileReference; lastKnownFileType = sourcecode.swift; path = ViewController.swift; sourceTree = "<group>"; };
		7A88A7AB1E25790800FD23B0 /* Base */ = {isa = PBXFileReference; lastKnownFileType = file.storyboard; name = Base; path = Base.lproj/Main.storyboard; sourceTree = "<group>"; };
		7A88A7AD1E25790800FD23B0 /* Assets.xcassets */ = {isa = PBXFileReference; lastKnownFileType = folder.assetcatalog; path = Assets.xcassets; sourceTree = "<group>"; };
		7A88A7B01E25790800FD23B0 /* Base */ = {isa = PBXFileReference; lastKnownFileType = file.storyboard; name = Base; path = Base.lproj/LaunchScreen.storyboard; sourceTree = "<group>"; };
		7A88A7B21E25790800FD23B0 /* Info.plist */ = {isa = PBXFileReference; lastKnownFileType = text.plist.xml; path = Info.plist; sourceTree = "<group>"; };
		7A88A7B81E257D0C00FD23B0 /* pokemon.csv */ = {isa = PBXFileReference; fileEncoding = 4; lastKnownFileType = text; path = pokemon.csv; sourceTree = "<group>"; };
		7A88A7BB1E257EA700FD23B0 /* Pokemon.swift */ = {isa = PBXFileReference; fileEncoding = 4; lastKnownFileType = sourcecode.swift; path = Pokemon.swift; sourceTree = "<group>"; };
		7A8C33981E25E86300793833 /* csv.swift */ = {isa = PBXFileReference; fileEncoding = 4; lastKnownFileType = sourcecode.swift; path = csv.swift; sourceTree = "<group>"; };
		7A8C339A1E25ED3600793833 /* pokemon.ttf */ = {isa = PBXFileReference; lastKnownFileType = file; path = pokemon.ttf; sourceTree = "<group>"; };
		7A8C339F1E25F07500793833 /* music.mp3 */ = {isa = PBXFileReference; lastKnownFileType = audio.mp3; path = music.mp3; sourceTree = "<group>"; };
		7A8C33A11E25FA3F00793833 /* PokemonDetailVC.swift */ = {isa = PBXFileReference; fileEncoding = 4; lastKnownFileType = sourcecode.swift; path = PokemonDetailVC.swift; sourceTree = "<group>"; };
		7A8C33A31E26001600793833 /* Ketchum.otf */ = {isa = PBXFileReference; lastKnownFileType = file; path = Ketchum.otf; sourceTree = "<group>"; };
/* End PBXFileReference section */

/* Begin PBXFrameworksBuildPhase section */
		7A88A7A01E25790800FD23B0 /* Frameworks */ = {
			isa = PBXFrameworksBuildPhase;
			buildActionMask = 2147483647;
			files = (
			);
			runOnlyForDeploymentPostprocessing = 0;
		};
/* End PBXFrameworksBuildPhase section */

/* Begin PBXGroup section */
		7A13D0F51E25841500DF0BF0 /* View */ = {
			isa = PBXGroup;
			children = (
				7A13D0F61E25843600DF0BF0 /* PokeCell.swift */,
			);
			name = View;
			sourceTree = "<group>";
		};
		7A88A79A1E25790800FD23B0 = {
			isa = PBXGroup;
			children = (
				7A88A7A51E25790800FD23B0 /* pokedex */,
			);
			sourceTree = "<group>";
		};
		7A88A7A41E25790800FD23B0 /* Products */ = {
			isa = PBXGroup;
			children = (
				7A88A7A31E25790800FD23B0 /* pokedex.app */,
			);
			name = Products;
			path = ..;
			sourceTree = "<group>";
		};
		7A88A7A51E25790800FD23B0 /* pokedex */ = {
			isa = PBXGroup;
			children = (
				7A88A7BA1E257E9400FD23B0 /* Model */,
				7A13D0F51E25841500DF0BF0 /* View */,
				7A8C339C1E25ED4B00793833 /* Controller */,
				7A8C339D1E25ED5800793833 /* Resources */,
				7A8C339E1E25ED6D00793833 /* Utility */,
				7A88A7A41E25790800FD23B0 /* Products */,
				7A88A7A61E25790800FD23B0 /* AppDelegate.swift */,
				7A88A7AA1E25790800FD23B0 /* Main.storyboard */,
				7A88A7AD1E25790800FD23B0 /* Assets.xcassets */,
				7A88A7AF1E25790800FD23B0 /* LaunchScreen.storyboard */,
				7A88A7B21E25790800FD23B0 /* Info.plist */,
			);
			path = pokedex;
			sourceTree = "<group>";
		};
		7A88A7BA1E257E9400FD23B0 /* Model */ = {
			isa = PBXGroup;
			children = (
				7A88A7BB1E257EA700FD23B0 /* Pokemon.swift */,
			);
			name = Model;
			sourceTree = "<group>";
		};
		7A8C339C1E25ED4B00793833 /* Controller */ = {
			isa = PBXGroup;
			children = (
				7A88A7A81E25790800FD23B0 /* ViewController.swift */,
				7A8C33A11E25FA3F00793833 /* PokemonDetailVC.swift */,
			);
			name = Controller;
			sourceTree = "<group>";
		};
		7A8C339D1E25ED5800793833 /* Resources */ = {
			isa = PBXGroup;
			children = (
				7A88A7B81E257D0C00FD23B0 /* pokemon.csv */,
				7A8C339A1E25ED3600793833 /* pokemon.ttf */,
				7A8C33A31E26001600793833 /* Ketchum.otf */,
				7A8C339F1E25F07500793833 /* music.mp3 */,
			);
			name = Resources;
			sourceTree = "<group>";
		};
		7A8C339E1E25ED6D00793833 /* Utility */ = {
			isa = PBXGroup;
			children = (
				7A8C33981E25E86300793833 /* csv.swift */,
			);
			name = Utility;
			sourceTree = "<group>";
		};
/* End PBXGroup section */

/* Begin PBXNativeTarget section */
		7A88A7A21E25790800FD23B0 /* pokedex */ = {
			isa = PBXNativeTarget;
			buildConfigurationList = 7A88A7B51E25790800FD23B0 /* Build configuration list for PBXNativeTarget "pokedex" */;
			buildPhases = (
				7A88A79F1E25790800FD23B0 /* Sources */,
				7A88A7A01E25790800FD23B0 /* Frameworks */,
				7A88A7A11E25790800FD23B0 /* Resources */,
			);
			buildRules = (
			);
			dependencies = (
			);
			name = pokedex;
			productName = pokedex;
			productReference = 7A88A7A31E25790800FD23B0 /* pokedex.app */;
			productType = "com.apple.product-type.application";
		};
/* End PBXNativeTarget section */

/* Begin PBXProject section */
		7A88A79B1E25790800FD23B0 /* Project object */ = {
			isa = PBXProject;
			attributes = {
				LastSwiftUpdateCheck = 0820;
				LastUpgradeCheck = 0820;
				ORGANIZATIONNAME = "Sivrish Thangamani";
				TargetAttributes = {
					7A88A7A21E25790800FD23B0 = {
						CreatedOnToolsVersion = 8.2.1;
						DevelopmentTeam = J9UHVFT8CP;
						LastSwiftMigration = 0820;
						ProvisioningStyle = Automatic;
					};
				};
			};
			buildConfigurationList = 7A88A79E1E25790800FD23B0 /* Build configuration list for PBXProject "pokedex" */;
			compatibilityVersion = "Xcode 3.2";
			developmentRegion = English;
			hasScannedForEncodings = 0;
			knownRegions = (
				en,
				Base,
			);
			mainGroup = 7A88A79A1E25790800FD23B0;
			productRefGroup = 7A88A7A41E25790800FD23B0 /* Products */;
			projectDirPath = "";
			projectRoot = "";
			targets = (
				7A88A7A21E25790800FD23B0 /* pokedex */,
			);
		};
/* End PBXProject section */

/* Begin PBXResourcesBuildPhase section */
		7A88A7A11E25790800FD23B0 /* Resources */ = {
			isa = PBXResourcesBuildPhase;
			buildActionMask = 2147483647;
			files = (
				7A88A7B11E25790800FD23B0 /* LaunchScreen.storyboard in Resources */,
				7A8C339B1E25ED3600793833 /* pokemon.ttf in Resources */,
				7A8C33A01E25F07500793833 /* music.mp3 in Resources */,
				7A88A7AE1E25790800FD23B0 /* Assets.xcassets in Resources */,
				7A8C33A41E26001600793833 /* Ketchum.otf in Resources */,
				7A88A7B91E257D0C00FD23B0 /* pokemon.csv in Resources */,
				7A88A7AC1E25790800FD23B0 /* Main.storyboard in Resources */,
			);
			runOnlyForDeploymentPostprocessing = 0;
		};
/* End PBXResourcesBuildPhase section */

/* Begin PBXSourcesBuildPhase section */
		7A88A79F1E25790800FD23B0 /* Sources */ = {
			isa = PBXSourcesBuildPhase;
			buildActionMask = 2147483647;
			files = (
				7A13D0F71E25843600DF0BF0 /* PokeCell.swift in Sources */,
				7A88A7A91E25790800FD23B0 /* ViewController.swift in Sources */,
				7A88A7A71E25790800FD23B0 /* AppDelegate.swift in Sources */,
				7A8C33A21E25FA3F00793833 /* PokemonDetailVC.swift in Sources */,
				7A88A7BC1E257EA700FD23B0 /* Pokemon.swift in Sources */,
				7A8C33991E25E86300793833 /* csv.swift in Sources */,
			);
			runOnlyForDeploymentPostprocessing = 0;
		};
/* End PBXSourcesBuildPhase section */

/* Begin PBXVariantGroup section */
		7A88A7AA1E25790800FD23B0 /* Main.storyboard */ = {
			isa = PBXVariantGroup;
			children = (
				7A88A7AB1E25790800FD23B0 /* Base */,
			);
			name = Main.storyboard;
			sourceTree = "<group>";
		};
		7A88A7AF1E25790800FD23B0 /* LaunchScreen.storyboard */ = {
			isa = PBXVariantGroup;
			children = (
				7A88A7B01E25790800FD23B0 /* Base */,
			);
			name = LaunchScreen.storyboard;
			sourceTree = "<group>";
		};
/* End PBXVariantGroup section */

/* Begin XCBuildConfiguration section */
		7A88A7B31E25790800FD23B0 /* Debug */ = {
			isa = XCBuildConfiguration;
			buildSettings = {
				ALWAYS_SEARCH_USER_PATHS = NO;
				CLANG_ANALYZER_NONNULL = YES;
				CLANG_CXX_LANGUAGE_STANDARD = "gnu++0x";
				CLANG_CXX_LIBRARY = "libc++";
				CLANG_ENABLE_MODULES = YES;
				CLANG_ENABLE_OBJC_ARC = YES;
				CLANG_WARN_BOOL_CONVERSION = YES;
				CLANG_WARN_CONSTANT_CONVERSION = YES;
				CLANG_WARN_DIRECT_OBJC_ISA_USAGE = YES_ERROR;
				CLANG_WARN_DOCUMENTATION_COMMENTS = YES;
				CLANG_WARN_EMPTY_BODY = YES;
				CLANG_WARN_ENUM_CONVERSION = YES;
				CLANG_WARN_INFINITE_RECURSION = YES;
				CLANG_WARN_INT_CONVERSION = YES;
				CLANG_WARN_OBJC_ROOT_CLASS = YES_ERROR;
				CLANG_WARN_SUSPICIOUS_MOVE = YES;
				CLANG_WARN_UNREACHABLE_CODE = YES;
				CLANG_WARN__DUPLICATE_METHOD_MATCH = YES;
				"CODE_SIGN_IDENTITY[sdk=iphoneos*]" = "iPhone Developer";
				COPY_PHASE_STRIP = NO;
				DEBUG_INFORMATION_FORMAT = dwarf;
				ENABLE_STRICT_OBJC_MSGSEND = YES;
				ENABLE_TESTABILITY = YES;
				GCC_C_LANGUAGE_STANDARD = gnu99;
				GCC_DYNAMIC_NO_PIC = NO;
				GCC_NO_COMMON_BLOCKS = YES;
				GCC_OPTIMIZATION_LEVEL = 0;
				GCC_PREPROCESSOR_DEFINITIONS = (
					"DEBUG=1",
					"$(inherited)",
				);
				GCC_WARN_64_TO_32_BIT_CONVERSION = YES;
				GCC_WARN_ABOUT_RETURN_TYPE = YES_ERROR;
				GCC_WARN_UNDECLARED_SELECTOR = YES;
				GCC_WARN_UNINITIALIZED_AUTOS = YES_AGGRESSIVE;
				GCC_WARN_UNUSED_FUNCTION = YES;
				GCC_WARN_UNUSED_VARIABLE = YES;
				IPHONEOS_DEPLOYMENT_TARGET = 10.2;
				MTL_ENABLE_DEBUG_INFO = YES;
				ONLY_ACTIVE_ARCH = YES;
				SDKROOT = iphoneos;
				SWIFT_ACTIVE_COMPILATION_CONDITIONS = DEBUG;
				SWIFT_OPTIMIZATION_LEVEL = "-Onone";
			};
			name = Debug;
		};
		7A88A7B41E25790800FD23B0 /* Release */ = {
			isa = XCBuildConfiguration;
			buildSettings = {
				ALWAYS_SEARCH_USER_PATHS = NO;
				CLANG_ANALYZER_NONNULL = YES;
				CLANG_CXX_LANGUAGE_STANDARD = "gnu++0x";
				CLANG_CXX_LIBRARY = "libc++";
				CLANG_ENABLE_MODULES = YES;
				CLANG_ENABLE_OBJC_ARC = YES;
				CLANG_WARN_BOOL_CONVERSION = YES;
				CLANG_WARN_CONSTANT_CONVERSION = YES;
				CLANG_WARN_DIRECT_OBJC_ISA_USAGE = YES_ERROR;
				CLANG_WARN_DOCUMENTATION_COMMENTS = YES;
				CLANG_WARN_EMPTY_BODY = YES;
				CLANG_WARN_ENUM_CONVERSION = YES;
				CLANG_WARN_INFINITE_RECURSION = YES;
				CLANG_WARN_INT_CONVERSION = YES;
				CLANG_WARN_OBJC_ROOT_CLASS = YES_ERROR;
				CLANG_WARN_SUSPICIOUS_MOVE = YES;
				CLANG_WARN_UNREACHABLE_CODE = YES;
				CLANG_WARN__DUPLICATE_METHOD_MATCH = YES;
				"CODE_SIGN_IDENTITY[sdk=iphoneos*]" = "iPhone Developer";
				COPY_PHASE_STRIP = NO;
				DEBUG_INFORMATION_FORMAT = "dwarf-with-dsym";
				ENABLE_NS_ASSERTIONS = NO;
				ENABLE_STRICT_OBJC_MSGSEND = YES;
				GCC_C_LANGUAGE_STANDARD = gnu99;
				GCC_NO_COMMON_BLOCKS = YES;
				GCC_WARN_64_TO_32_BIT_CONVERSION = YES;
				GCC_WARN_ABOUT_RETURN_TYPE = YES_ERROR;
				GCC_WARN_UNDECLARED_SELECTOR = YES;
				GCC_WARN_UNINITIALIZED_AUTOS = YES_AGGRESSIVE;
				GCC_WARN_UNUSED_FUNCTION = YES;
				GCC_WARN_UNUSED_VARIABLE = YES;
				IPHONEOS_DEPLOYMENT_TARGET = 10.2;
				MTL_ENABLE_DEBUG_INFO = NO;
				SDKROOT = iphoneos;
				SWIFT_OPTIMIZATION_LEVEL = "-Owholemodule";
				VALIDATE_PRODUCT = YES;
			};
			name = Release;
		};
		7A88A7B61E25790800FD23B0 /* Debug */ = {
			isa = XCBuildConfiguration;
			buildSettings = {
				ASSETCATALOG_COMPILER_APPICON_NAME = AppIcon;
				DEVELOPMENT_TEAM = J9UHVFT8CP;
				INFOPLIST_FILE = pokedex/Info.plist;
				LD_RUNPATH_SEARCH_PATHS = "$(inherited) @executable_path/Frameworks";
				PRODUCT_BUNDLE_IDENTIFIER = com.sivrish.pokedex;
				PRODUCT_NAME = "$(TARGET_NAME)";
				SWIFT_VERSION = 3.0;
			};
			name = Debug;
		};
		7A88A7B71E25790800FD23B0 /* Release */ = {
			isa = XCBuildConfiguration;
			buildSettings = {
				ASSETCATALOG_COMPILER_APPICON_NAME = AppIcon;
				DEVELOPMENT_TEAM = J9UHVFT8CP;
				INFOPLIST_FILE = pokedex/Info.plist;
				LD_RUNPATH_SEARCH_PATHS = "$(inherited) @executable_path/Frameworks";
				PRODUCT_BUNDLE_IDENTIFIER = com.sivrish.pokedex;
				PRODUCT_NAME = "$(TARGET_NAME)";
				SWIFT_VERSION = 3.0;
			};
			name = Release;
		};
/* End XCBuildConfiguration section */

/* Begin XCConfigurationList section */
		7A88A79E1E25790800FD23B0 /* Build configuration list for PBXProject "pokedex" */ = {
			isa = XCConfigurationList;
			buildConfigurations = (
				7A88A7B31E25790800FD23B0 /* Debug */,
				7A88A7B41E25790800FD23B0 /* Release */,
			);
			defaultConfigurationIsVisible = 0;
			defaultConfigurationName = Release;
		};
		7A88A7B51E25790800FD23B0 /* Build configuration list for PBXNativeTarget "pokedex" */ = {
			isa = XCConfigurationList;
			buildConfigurations = (
				7A88A7B61E25790800FD23B0 /* Debug */,
				7A88A7B71E25790800FD23B0 /* Release */,
			);
			defaultConfigurationIsVisible = 0;
			defaultConfigurationName = Release;
		};
/* End XCConfigurationList section */
	};
	rootObject = 7A88A79B1E25790800FD23B0 /* Project object */;
}
